
Microsoft Visual Studio Solution File, Format Version 12.00
# Visual Studio 15
VisualStudioVersion = 15.0.27428.2011
MinimumVisualStudioVersion = 10.0.40219.1
Project("{FAE04EC0-301F-11D3-BF4B-00C04F79EFBC}") = "DigitRecognition", "DigitRecognition\DigitRecognition.csproj", "{B52CFEC8-4848-4CA7-8F62-45EDCBFBD55F}"
EndProject
Global
	GlobalSection(SolutionConfigurationPlatforms) = preSolution
		Debug|Any CPU = Debug|Any CPU
		Release|Any CPU = Release|Any CPU
	EndGlobalSection
	GlobalSection(ProjectConfigurationPlatforms) = postSolution
		{B52CFEC8-4848-4CA7-8F62-45EDCBFBD55F}.Debug|Any CPU.ActiveCfg = Debug|Any CPU
		{B52CFEC8-4848-4CA7-8F62-45EDCBFBD55F}.Debug|Any CPU.Build.0 = Debug|Any CPU
		{B52CFEC8-4848-4CA7-8F62-45EDCBFBD55F}.Release|Any CPU.ActiveCfg = Release|Any CPU
		{B52CFEC8-4848-4CA7-8F62-45EDCBFBD55F}.Release|Any CPU.Build.0 = Release|Any CPU
	EndGlobalSection
	GlobalSection(SolutionProperties) = preSolution
		HideSolutionNode = FALSE
	EndGlobalSection
	GlobalSection(ExtensibilityGlobals) = postSolution
		SolutionGuid = {DDD63CA4-6CCB-479E-AAE8-7B7B8F4B5505}
	EndGlobalSection
EndGlobal
